<Solution>
  <Project Path="../CSFTBot/CSFTBot.csproj" />
  <Project Path="../Patchouli/Patchouli.csproj" />
  <Project Path="ExamplePlugin/ExamplePlugin.csproj" />
  <Project Path="ExamplePlugin.Milky/ExamplePlugin.Milky.csproj" />
  <Project Path="Windy.SDK/Windy.SDK.csproj" />
  <Project Path="Windy/Windy.csproj" />
</Solution>
